{
  "version": 4,
  "terraform_version": "1.4.6",
  "serial": 2,
  "lineage": "bac6e180-ba29-fec5-b449-edac40ce5e71",
  "outputs": {},
  "resources": [
    {
      "mode": "managed",
      "type": "local_file",
      "name": "my_pet",
      "provider": "provider[\"registry.terraform.io/hashicorp/local\"]",
      "instances": [
        {
          "schema_version": 0,
          "attributes": {
            "content": "I like to have peacock as my pet!!",
            "content_base64": null,
            "directory_permission": "0777",
            "file_permission": "0777",
            "filename": "peacock.txt",
            "id": "421bd19a11b3144a20a9aea02477d50fa794379a",
            "sensitive_content": null,
            "source": null
          },
          "sensitive_attributes": []
        }
      ]
    }
  ],
  "check_results": null
}
